
Microsoft Visual Studio Solution File, Format Version 12.00
# Visual Studio 14
VisualStudioVersion = 14.0.25420.1
MinimumVisualStudioVersion = 10.0.40219.1
Project("{FAE04EC0-301F-11D3-BF4B-00C04F79EFBC}") = "SortingAlgorithms", "SortingAlgorithms\SortingAlgorithms.csproj", "{3A5573EC-55B5-47EF-B822-2BFB7ADDD736}"
EndProject
Project("{FAE04EC0-301F-11D3-BF4B-00C04F79EFBC}") = "DataStructures", "DataStructures\DataStructures.csproj", "{D3B808F2-D449-4859-B21E-E897AE1398B9}"
EndProject
Project("{FAE04EC0-301F-11D3-BF4B-00C04F79EFBC}") = "ProblemStatements", "ProblemStatements\ProblemStatements.csproj", "{3DF0FDE3-D7B6-4027-AA8C-D0C885BA5898}"
EndProject
Global
	GlobalSection(SolutionConfigurationPlatforms) = preSolution
		Debug|Any CPU = Debug|Any CPU
		Release|Any CPU = Release|Any CPU
	EndGlobalSection
	GlobalSection(ProjectConfigurationPlatforms) = postSolution
		{3A5573EC-55B5-47EF-B822-2BFB7ADDD736}.Debug|Any CPU.ActiveCfg = Debug|Any CPU
		{3A5573EC-55B5-47EF-B822-2BFB7ADDD736}.Debug|Any CPU.Build.0 = Debug|Any CPU
		{3A5573EC-55B5-47EF-B822-2BFB7ADDD736}.Release|Any CPU.ActiveCfg = Release|Any CPU
		{3A5573EC-55B5-47EF-B822-2BFB7ADDD736}.Release|Any CPU.Build.0 = Release|Any CPU
		{D3B808F2-D449-4859-B21E-E897AE1398B9}.Debug|Any CPU.ActiveCfg = Debug|Any CPU
		{D3B808F2-D449-4859-B21E-E897AE1398B9}.Debug|Any CPU.Build.0 = Debug|Any CPU
		{D3B808F2-D449-4859-B21E-E897AE1398B9}.Release|Any CPU.ActiveCfg = Release|Any CPU
		{D3B808F2-D449-4859-B21E-E897AE1398B9}.Release|Any CPU.Build.0 = Release|Any CPU
		{3DF0FDE3-D7B6-4027-AA8C-D0C885BA5898}.Debug|Any CPU.ActiveCfg = Debug|Any CPU
		{3DF0FDE3-D7B6-4027-AA8C-D0C885BA5898}.Debug|Any CPU.Build.0 = Debug|Any CPU
		{3DF0FDE3-D7B6-4027-AA8C-D0C885BA5898}.Release|Any CPU.ActiveCfg = Release|Any CPU
		{3DF0FDE3-D7B6-4027-AA8C-D0C885BA5898}.Release|Any CPU.Build.0 = Release|Any CPU
	EndGlobalSection
	GlobalSection(SolutionProperties) = preSolution
		HideSolutionNode = FALSE
	EndGlobalSection
EndGlobal
